lockfileVersion: '9.0'

settings:
  autoInstallPeers: true
  excludeLinksFromLockfile: false

importers:

  .:
    dependencies:
      decimal.js:
        specifier: ^10.6.0
        version: 10.6.0
      lucide-static:
        specifier: ^0.468.0
        version: 0.468.0
      pg:
        specifier: ^8.16.3
        version: 8.22.0
      redis:
        specifier: 5.8.2
        version: 5.8.2
    devDependencies:
      '@tanstack/vue-virtual':
        specifier: 3.13.0
        version: 3.13.0(vue@3.5.0(typescript@5.8.3))
      '@types/node':
        specifier: ^22.15.0
        version: 22.20.1
      '@vitejs/plugin-vue':
        specifier: ^6.0.8
        version: 6.0.8(vite@8.2.0(@types/node@22.20.1))(vue@3.5.0(typescript@5.8.3))
      chart.js:
        specifier: 4.5.0
        version: 4.5.0
      lucide-vue-next:
        specifier: 0.468.0
        version: 0.468.0(vue@3.5.0(typescript@5.8.3))
      pinia:
        specifier: 3.0.0
        version: 3.0.0(typescript@5.8.3)(vue@3.5.0(typescript@5.8.3))
      typescript:
        specifier: ^5.8.3
        version: 5.8.3
      vite:
        specifier: ^8.2.0
        version: 8.2.0(@types/node@22.20.1)
      vue:
        specifier: 3.5.0
        version: 3.5.0(typescript@5.8.3)
      vue-router:
        specifier: 4.5.0
        version: 4.5.0(vue@3.5.0(typescript@5.8.3))
      vue-tsc:
        specifier: ^3.3.9
        version: 3.3.9(typescript@5.8.3)

packages:

  '@babel/helper-string-parser@7.29.7':
    resolution: {integrity: sha512-Pb5ijPrZ89GDH8223L4UP8i6QApWxs04RbPQJTeWDV0/keR2E36MeKnyr6LYmUUvqRRI+Iv87SuF1W6ErINzYw==}
    engines: {node: '>=6.9.0'}

  '@babel/helper-validator-identifier@7.29.7':
    resolution: {integrity: sha512-qehxGkRj55h/ff8EMaJ+cYhyaKlHIxqYDn682wQD7RNp9UujOQsHog2uS0r2vzr4pW+sXf90NeeayjcNaX3fFg==}
    engines: {node: '>=6.9.0'}

  '@babel/parser@7.29.8':
    resolution: {integrity: sha512-E8lTAYNB1KW+FH+VGJuZM1ioAx2E6oVlvQFRrf5P8ZZmsiJXYAD9vTFV7yyEURNzgh1dFqMZuO6tUwcARbqFCA==}
    engines: {node: '>=6.0.0'}
    hasBin: true

  '@babel/types@7.29.8':
    resolution: {integrity: sha512-Vj1jF3cPfxg7OAfoI7QnVKLoILlm2JF9pnVHrX8qx7AHMiYWT+NDAA7jChlNgRS4WTLc/fD1lXLmPixluj+3Gg==}
    engines: {node: '>=6.9.0'}

  '@jridgewell/sourcemap-codec@1.5.0':
    resolution: {integrity: sha512-gv3ZRaISU3fjPAgNsriBRqGWQL6quFx04YMPW/zD8XMLsU32mhCCbfbO6KZFLjvYpCZ8zyDEgqsgf+PwPaM7GQ==}

  '@kurkle/color@0.3.4':
    resolution: {integrity: sha512-M5UknZPHRu3DEDWoipU6sE8PdkZ6Z/S+v4dD+Ke8IaNlpdSQah50lz1KtcFBa2vsdOnwbbnxJwVM4wty6udA5w==}

  '@oxc-project/types@0.142.0':
    resolution: {integrity: sha512-7W+2q5AKQVU36fkaryontrHn3YDt1RyUYXatw9i5H8ocYe2sPKSFB6eS8WNPeRKiN1qAWWZUPm7gwFzJGrccqQ==}

  '@redis/bloom@5.8.2':
    resolution: {integrity: sha512-855DR0ChetZLarblio5eM0yLwxA9Dqq50t8StXKp5bAtLT0G+rZ+eRzzqxl37sPqQKjUudSYypz55o6nNhbz0A==}
    engines: {node: '>= 18'}
    peerDependencies:
      '@redis/client': ^5.8.2

  '@redis/client@5.8.2':
    resolution: {integrity: sha512-WtMScno3+eBpTac1Uav2zugXEoXqaU23YznwvFgkPwBQVwEHTDgOG7uEAObtZ/Nyn8SmAMbqkEubJaMOvnqdsQ==}
    engines: {node: '>= 18'}

  '@redis/json@5.8.2':
    resolution: {integrity: sha512-uxpVfas3I0LccBX9rIfDgJ0dBrUa3+0Gc8sEwmQQH0vHi7C1Rx1Qn8Nv1QWz5bohoeIXMICFZRcyDONvum2l/w==}
    engines: {node: '>= 18'}
    peerDependencies:
      '@redis/client': ^5.8.2

  '@redis/search@5.8.2':
    resolution: {integrity: sha512-cNv7HlgayavCBXqPXgaS97DRPVWFznuzsAmmuemi2TMCx5scwLiP50TeZvUS06h/MG96YNPe6A0Zt57yayfxwA==}
    engines: {node: '>= 18'}
    peerDependencies:
      '@redis/client': ^5.8.2

  '@redis/time-series@5.8.2':
    resolution: {integrity: sha512-g2NlHM07fK8H4k+613NBsk3y70R2JIM2dPMSkhIjl2Z17SYvaYKdusz85d7VYOrZBWtDrHV/WD2E3vGu+zni8A==}
    engines: {node: '>= 18'}
    peerDependencies:
      '@redis/client': ^5.8.2

  '@rolldown/binding-android-arm64@1.2.2':
    resolution: {integrity: sha512-l7x215OGvo1s52JWmR8U/DAVzEDWBCIbTm28aeJV/WDTSHgcKXaZTuBT0hJMs5NggilfJTW3clZVvd24yfKJxA==}
    engines: {node: ^20.19.0 || >=22.12.0}
    cpu: [arm64]
    os: [android]

  '@rolldown/binding-darwin-arm64@1.2.2':
    resolution: {integrity: sha512-9u9Xv6c1AJZT0FfwH5vrMG5Jjcwhc1MlyrPu0XfTqkzsmqfks2M6W/o5XwAJgVVN/jHpqqngC1WevHKKTIUtIA==}
    engines: {node: ^20.19.0 || >=22.12.0}
    cpu: [arm64]
    os: [darwin]

  '@rolldown/binding-darwin-x64@1.2.2':
    resolution: {integrity: sha512-9W1mbGZAfW3oqd85bhBkmpyHCCzL1TeG/zFFP3vg7b0rlly8cxOcre5nXwz+LHazCwac2MNWgPdPCHndABjpWQ==}
    engines: {node: ^20.19.0 || >=22.12.0}
    cpu: [x64]
    os: [darwin]

  '@rolldown/binding-freebsd-x64@1.2.2':
    resolution: {integrity: sha512-0p1lhiCSCyaerFwtrdZQUx7NqGk6LQnaRKWX7tFQqwQgvX0rjM15cIkm3pax1UpEakK14C4mOxx/jSqCBdBRqQ==}
    engines: {node: ^20.19.0 || >=22.12.0}
    cpu: [x64]
    os: [freebsd]

  '@rolldown/binding-linux-arm-gnueabihf@1.2.2':
    resolution: {integrity: sha512-e+cOJXrJ2L3zx6YzqPg+f6Wbk3V1cKB8bOhbaYdVYN3DdquzNdRAmrbETz1qnt5yp/c7JNlNjmITiA2cVneQ7w==}
    engines: {node: ^20.19.0 || >=22.12.0}
    cpu: [arm]
    os: [linux]

  '@rolldown/binding-linux-arm64-gnu@1.2.2':
    resolution: {integrity: sha512-JsSMsj6sNat/MuhG5fnBD7QgbtpHKVe30x5/bAVirDHdhoQRXJkF6xc0Jqk8O4fiCUQAzMOoH9wZi3m60c8wtg==}
    engines: {node: ^20.19.0 || >=22.12.0}
    cpu: [arm64]
    os: [linux]
    libc: [glibc]

  '@rolldown/binding-linux-arm64-musl@1.2.2':
    resolution: {integrity: sha512-B5G/zJdHaoJn9vD50eGHWkiWfmq8Uhi3IiLPJTzmZTrAalk1bztUikSXo0qga18ibE0IXboyeMUnhPjhAJ45wQ==}
    engines: {node: ^20.19.0 || >=22.12.0}
    cpu: [arm64]
    os: [linux]
    libc: [musl]

  '@rolldown/binding-linux-ppc64-gnu@1.2.2':
    resolution: {integrity: sha512-6mC/awzKka8W6EoekjegpfGkjz8jXWDX63pqu/HYVpyKtZfu65Jsh4QAH3Kej3CAv/c1oGX7psTmFEbr0mDxLA==}
    engines: {node: ^20.19.0 || >=22.12.0}
    cpu: [ppc64]
    os: [linux]
    libc: [glibc]

  '@rolldown/binding-linux-s390x-gnu@1.2.2':
    resolution: {integrity: sha512-412MX9fJLdA1IK28EZnc8jYv2HRTleOZgfLQumJ5zy7OeJLZlg/CETwFaXjNmGVxG51cFHpKLqb5LKvBC+HsHA==}
    engines: {node: ^20.19.0 || >=22.12.0}
    cpu: [s390x]
    os: [linux]
    libc: [glibc]

  '@rolldown/binding-linux-x64-gnu@1.2.2':
    resolution: {integrity: sha512-Q/+HI/ToJafZ1iCqGgVQXUEkIjufHCTF0gBQ2a5o3cg7GJ2h0qyq3nvvSmU+bGda2/7ygXpTY4TM6gO9OhQ0ZA==}
    engines: {node: ^20.19.0 || >=22.12.0}
    cpu: [x64]
    os: [linux]
    libc: [glibc]

  '@rolldown/binding-linux-x64-musl@1.2.2':
    resolution: {integrity: sha512-ZKp/w41n6wCvxzxQHtQSbuphfX3Y4cCvbjkKHusrLx4lh+JWLTU7StSltO/DKARISzbj368d+qUaCjI8K2wzXw==}
    engines: {node: ^20.19.0 || >=22.12.0}
    cpu: [x64]
    os: [linux]
    libc: [musl]

  '@rolldown/binding-openharmony-arm64@1.2.2':
    resolution: {integrity: sha512-pxE6xD4KS3eAROkKK5yrhB9/3+vhlhVGMvlQLbdpzrBGDbKrnzx3RLwPaHvasLo6jgaiBLn7e04Df9C4tYhjmA==}
    engines: {node: ^20.19.0 || >=22.12.0}
    cpu: [arm64]
    os: [openharmony]

  '@rolldown/binding-win32-arm64-msvc@1.2.2':
    resolution: {integrity: sha512-4MqEue5re+xIZzAWsB8sj0P1kqZySWqIuN4t6QaIO/YA6SFwySOLruvWQFzfmqk8LBK2P30KCSJwf6mJCZZ5/A==}
    engines: {node: ^20.19.0 || >=22.12.0}
    cpu: [arm64]
    os: [win32]

  '@rolldown/binding-win32-x64-msvc@1.2.2':
    resolution: {integrity: sha512-NweNxxD0Nf9t8v7kodun45Ijp3EIwYY+uydPP6qBEYvfBqhIjN6dZMzlQja3tqX/aLs3F3Uz+AxDpKgRhpOZQg==}
    engines: {node: ^20.19.0 || >=22.12.0}
    cpu: [x64]
    os: [win32]

  '@rolldown/pluginutils@1.0.1':
    resolution: {integrity: sha512-2j9bGt5Jh8hj+vPtgzPtl72j0yRxHAyumoo6TNfAjsLB04UtpSvPbPcDcBMxz7n+9CYB0c1GxQFxYRg2jimqGw==}

  '@tanstack/virtual-core@3.13.0':
    resolution: {integrity: sha512-NBKJP3OIdmZY3COJdWkSonr50FMVIi+aj5ZJ7hI/DTpEKg2RMfo/KvP8A3B/zOSpMgIe52B5E2yn7rryULzA6g==}

  '@tanstack/vue-virtual@3.13.0':
    resolution: {integrity: sha512-EPgcTc41KGJAK2N2Ux2PeUnG3cPpdkldTib05nwq+0zdS2Ihpbq8BsWXz/eXPyNc5noDBh1GBgAe36yMYiW6WA==}
    peerDependencies:
      vue: ^2.7.0 || ^3.0.0

  '@types/node@22.20.1':
    resolution: {integrity: sha512-EANqOCF9QFyra+4pfxUcX9STKJpCLjMbObVzljIJomAWSnuSIEAvyzEU53GaajbXJEgdh0iEcPL+DGvpUd4k1Q==}

  '@vitejs/plugin-vue@6.0.8':
    resolution: {integrity: sha512-0ZjgOg7oO6farnNGup7yvoM/YXZV84OZxHAwtflItNa/6zzQyVb5LNxyea3FEKEX2XlagIKzrlH7wwxkKgtiew==}
    engines: {node: ^20.19.0 || >=22.12.0}
    peerDependencies:
      vite: ^5.0.0 || ^6.0.0 || ^7.0.0 || ^8.0.0
      vue: ^3.2.25

  '@volar/language-core@2.4.28':
    resolution: {integrity: sha512-w4qhIJ8ZSitgLAkVay6AbcnC7gP3glYM3fYwKV3srj8m494E3xtrCv6E+bWviiK/8hs6e6t1ij1s2Endql7vzQ==}

  '@volar/source-map@2.4.28':
    resolution: {integrity: sha512-yX2BDBqJkRXfKw8my8VarTyjv48QwxdJtvRgUpNE5erCsgEUdI2DsLbpa+rOQVAJYshY99szEcRDmyHbF10ggQ==}

  '@volar/typescript@2.4.28':
    resolution: {integrity: sha512-Ja6yvWrbis2QtN4ClAKreeUZPVYMARDYZl9LMEv1iQ1QdepB6wn0jTRxA9MftYmYa4DQ4k/DaSZpFPUfxl8giw==}
    peerDependencies:
      typescript: '*'
    peerDependenciesMeta:
      typescript:
        optional: true

  '@vue/compiler-core@3.5.0':
    resolution: {integrity: sha512-ja7cpqAOfw4tyFAxgBz70Z42miNDeaqTxExTsnXDLomRpqfyCgyvZvFp482fmsElpfvsoMJUsvzULhvxUTW6Iw==}

  '@vue/compiler-core@3.5.40':
    resolution: {integrity: sha512-39E8IgOhTbVDnoJFMKc2DvYnypcZwUqgUhQkccva/0m6FUwtIKSGV7n1hpVmYcFaoRAwf9pBcwnKlCEsN63ZEQ==}

  '@vue/compiler-dom@3.5.0':
    resolution: {integrity: sha512-xYjUybWZXl+1R/toDy815i4PbeehL2hThiSGkcpmIOCy2HoYyeeC/gAWK/Y/xsoK+GSw198/T5O31bYuQx5uvQ==}

  '@vue/compiler-dom@3.5.40':
    resolution: {integrity: sha512-pwkx4vqlqOspFstrcmzwkKLePVMD3PT65imRzLhanU2V1Fj4K13g6OXjanOyzw3aTAuRk84BOmY8f3rEHqPaVA==}

  '@vue/compiler-sfc@3.5.0':
    resolution: {integrity: sha512-B9DgLtrqok2GLuaFjLlSL15ZG3ZDBiitUH1ecex9guh/ZcA5MCdwuVE6nsfQxktuZY/QY0awJ35/ripIviCQTQ==}

  '@vue/compiler-ssr@3.5.0':
    resolution: {integrity: sha512-E263QZmA1dqRd7c3u/sWTLRMpQOT0aZ8av/L9SoD/v/BVMZaWFHPUUBswS+bzrfvG2suJF8vSLKx6k6ba5SUdA==}

  '@vue/devtools-api@6.6.4':
    resolution: {integrity: sha512-sGhTPMuXqZ1rVOk32RylztWkfXTRhuS7vgAKv0zjqk8gbsHkJ7xfFf+jbySxt7tWObEJwyKaHMikV/WGDiQm8g==}

  '@vue/devtools-api@7.7.10':
    resolution: {integrity: sha512-KxtEpUOOpFz/qOGRrAwA36QF7DqIA+FXgCYit9mk9wjbaZt0sXOFz81ElOZtKA4HbWHUdwNjZHBFsFFyp5BZiA==}

  '@vue/devtools-kit@7.7.10':
    resolution: {integrity: sha512-3WNi2Kq4tbpVbmhml7RiphmAt0279oh3fKNeWMQIrltfX8Q91b4i5PL8DtyNKdwmcsGrV4fg+erwWOmD05CLIw==}

  '@vue/devtools-shared@7.7.10':
    resolution: {integrity: sha512-wOPslzB8vTvpxwdaOcR2qAbwmuSP0L+rhpoC6Cf56V3Jip+HWb7PQQXOUPgBNQARpXsbQX/+mvi8kKucmBGRwQ==}

  '@vue/language-core@3.3.9':
    resolution: {integrity: sha512-in/68oAa4BCtVY6n/nkuhLIkV8DHYd2UivedJ6cMZ6UYtlq9jaoaSNUBHYCVO44z3nKg7MdE5OBoHKt5SxeBKQ==}

  '@vue/reactivity@3.5.0':
    resolution: {integrity: sha512-Ew3F5riP3B3ZDGjD3ZKb9uZylTTPSqt8hAf4sGbvbjrjDjrFb3Jm15Tk1/w7WwTE5GbQ2Qhwxx1moc9hr8A/OQ==}

  '@vue/runtime-core@3.5.0':
    resolution: {integrity: sha512-mQyW0F9FaNRdt8ghkAs+BMG3iQ7LGgWKOpkzUzR5AI5swPNydHGL5hvVTqFaeMzwecF1g0c86H4yFQsSxJhH1w==}

  '@vue/runtime-dom@3.5.0':
    resolution: {integrity: sha512-NQQXjpdXgyYVJ2M56FJ+lSJgZiecgQ2HhxhnQBN95FymXegRNY/N2htI7vOTwpP75pfxhIeYOJ8mE8sW8KAW6A==}

  '@vue/server-renderer@3.5.0':
    resolution: {integrity: sha512-HyDIFUg+l7L4PKrEnJlCYWHUOlm6NxZhmSxIefZ5MTYjkIPfDfkwhX7hqxAQHfgIAE1uLMLQZwuNR/ozI0NhZg==}
    peerDependencies:
      vue: 3.5.0

  '@vue/shared@3.5.0':
    resolution: {integrity: sha512-m9IgiteBpCkFaMNwCOBkFksA7z8QiKc30ooRuoXWUFRDu0mGyNPlFHmbncF0/Kra1RlX8QrmBbRaIxVvikaR0Q==}

  '@vue/shared@3.5.40':
    resolution: {integrity: sha512-WxnBtruIqOoV3rA4jeKDWzrYI5h7Cp4+pjwDi8kWGHz+IslhiN+wguLVVhtv2l8VoU02rzDCVfDjgCl1lNpZVg==}

  alien-signals@3.2.1:
    resolution: {integrity: sha512-I8FjmltrfnDFoZedi5CG8DghVYNhzb/Ijluz7tCSJH0xpd0484Kowhbb1XDYOxfJpU1p5wnM2X54dA+IfGyD1g==}

  birpc@2.3.0:
    resolution: {integrity: sha512-ijbtkn/F3Pvzb6jHypHRyve2QApOCZDR25D/VnkY2G/lBNcXCTsnsCxgY4k4PkVB7zfwzYbY3O9Lcqe3xufS5g==}

  chart.js@4.5.0:
    resolution: {integrity: sha512-aYeC/jDgSEx8SHWZvANYMioYMZ2KX02W6f6uVfyteuCGcadDLcYVHdfdygsTQkQ4TKn5lghoojAsPj5pu0SnvQ==}
    engines: {pnpm: '>=8'}

  cluster-key-slot@1.1.2:
    resolution: {integrity: sha512-RMr0FhtfXemyinomL4hrWcYJxmX6deFdCxpJzhDttxgO1+bcCnkk+9drydLVDmAMG7NE6aN/fl4F7ucU/90gAA==}
    engines: {node: '>=0.10.0'}

  copy-anything@4.0.5:
    resolution: {integrity: sha512-7Vv6asjS4gMOuILabD3l739tsaxFQmC+a7pLZm02zyvs8p977bL3zEgq3yDk5rn9B0PbYgIv++jmHcuUab4RhA==}
    engines: {node: '>=18'}

  csstype@3.2.3:
    resolution: {integrity: sha512-z1HGKcYy2xA8AGQfwrn0PAy+PB7X/GSj3UVJW9qKyn43xWa+gl5nXmU4qqLMRzWVLFC8KusUX8T/0kCiOYpAIQ==}

  decimal.js@10.6.0:
    resolution: {integrity: sha512-YpgQiITW3JXGntzdUmyUR1V812Hn8T1YVXhCu+wO3OpS4eU9l4YdD3qjyiKdV6mvV29zapkMeD390UVEf2lkUg==}

  detect-libc@2.1.2:
    resolution: {integrity: sha512-Btj2BOOO83o3WyH59e8MgXsxEQVcarkUOpEYrubB0urwnN10yQ364rsiByU11nZlqWYZm05i/of7io4mzihBtQ==}
    engines: {node: '>=8'}

  entities@4.5.0:
    resolution: {integrity: sha512-V0hjH4dGPh9Ao5p0MoRY6BVqtwCjhz6vI5LT8AJ55H+4g9/4vbHx1I54fS0XuclLhDHArPQCiMjDxjaL8fPxhw==}
    engines: {node: '>=0.12'}

  entities@7.0.1:
    resolution: {integrity: sha512-TWrgLOFUQTH994YUyl1yT4uyavY5nNB5muff+RtWaqNVCAK408b5ZnnbNAUEWLTCpum9w6arT70i1XdQ4UeOPA==}
    engines: {node: '>=0.12'}

  estree-walker@2.0.2:
    resolution: {integrity: sha512-Rfkk/Mp/DL7JVje3u18FxFujQlTNR2q6QfMSMB7AvCBx91NGj/ba3kCfza0f6dVDbw7YlRf/nDrn7pQrCCyQ/w==}

  fdir@6.5.0:
    resolution: {integrity: sha512-tIbYtZbucOs0BRGqPJkshJUYdL+SDH7dVM8gjy+ERp3WAUjLEFJE+02kanyHtwjWOnwrKYBiwAmM0p4kLJAnXg==}
    engines: {node: '>=12.0.0'}
    peerDependencies:
      picomatch: ^3 || ^4
    peerDependenciesMeta:
      picomatch:
        optional: true

  fsevents@2.3.3:
    resolution: {integrity: sha512-5xoDfX+fL7faATnagmWPpbFtwh/R77WmMMqqHGS65C3vvB0YHrgF+B1YmZ3441tMj5n63k0212XNoJwzlhffQw==}
    engines: {node: ^8.16.0 || ^10.6.0 || >=11.0.0}
    os: [darwin]

  hookable@5.5.3:
    resolution: {integrity: sha512-Yc+BQe8SvoXH1643Qez1zqLRmbA5rCL+sSmk6TVos0LWVfNIB7PGncdlId77WzLGSIB5KaWgTaNTs2lNVEI6VQ==}

  is-what@5.5.0:
    resolution: {integrity: sha512-oG7cgbmg5kLYae2N5IVd3jm2s+vldjxJzK1pcu9LfpGuQ93MQSzo0okvRna+7y5ifrD+20FE8FvjusyGaz14fw==}
    engines: {node: '>=18'}

  lightningcss-android-arm64@1.33.0:
    resolution: {integrity: sha512-gEpRTalKdosp4Bb8qWtc2iOgE5SeIHlpS1up9bFq2wAyYhl1UdTObYiHe98zEM9SQvSoqQZ1IQD0JNpg3Ml5pg==}
    engines: {node: '>= 12.0.0'}
    cpu: [arm64]
    os: [android]

  lightningcss-darwin-arm64@1.33.0:
    resolution: {integrity: sha512-Sciaz8eenNTKn9b3t7+xr0ipTp9YxKQY4npwQ3mrRuL0BAVHBLyZxofhaKBAVtzmtRZ/zTyo0/to4B1uWG/Djg==}
    engines: {node: '>= 12.0.0'}
    cpu: [arm64]
    os: [darwin]

  lightningcss-darwin-x64@1.33.0:
    resolution: {integrity: sha512-Z5UPAxzrjlWNNyGy6i65cJzzvgJ5D3T6wMvs+gWpY9d7qRhANrxqAp6LhxIgZhWEw18RfJTGcRxjuLIBr+m8XQ==}
    engines: {node: '>= 12.0.0'}
    cpu: [x64]
    os: [darwin]

  lightningcss-freebsd-x64@1.33.0:
    resolution: {integrity: sha512-QQM/Ti/hQajJwCY+RiWuCZ9sdtI/XQk7nDK5vC8kkdwixezOlDgvDx7+RT+QjK6FcFT4MpsuoBnHIo/O3StRRg==}
    engines: {node: '>= 12.0.0'}
    cpu: [x64]
    os: [freebsd]

  lightningcss-linux-arm-gnueabihf@1.33.0:
    resolution: {integrity: sha512-N7FVBe6iS24MlM6R/4RBTxGhQheZGs7tiQ9U32UtF75NzP5Q7xWPRqLBCKxlRQRk3rY1jCIPLzx7WzOhuUIRLQ==}
    engines: {node: '>= 12.0.0'}
    cpu: [arm]
    os: [linux]

  lightningcss-linux-arm64-gnu@1.33.0:
    resolution: {integrity: sha512-j2v/itmy4HlNxlc6voKXYgBqNi0Ng2LShg4z7GufpEgs05P+2suBVyi9I6YHq5uoVFx9ETin3eCEhLVyXGQnKg==}
    engines: {node: '>= 12.0.0'}
    cpu: [arm64]
    os: [linux]
    libc: [glibc]

  lightningcss-linux-arm64-musl@1.33.0:
    resolution: {integrity: sha512-yiO5ROMuYQgXbC60yjZU5CYSFZGKXL0HFATXt9mHJn1+zW55oCtMI9NfcVhYLMFDL7gV7oBPon/EmMMGg2OvtQ==}
    engines: {node: '>= 12.0.0'}
    cpu: [arm64]
    os: [linux]
    libc: [musl]

  lightningcss-linux-x64-gnu@1.33.0:
    resolution: {integrity: sha512-ar+Ju7LmcN0Jo4FpL4hpFybwNG9/3A/Br5KW2n2jyODg3MEZXaDYADdemoNS+BDNfMgKvylJLj4S5tyRActuAg==}
    engines: {node: '>= 12.0.0'}
    cpu: [x64]
    os: [linux]
    libc: [glibc]

  lightningcss-linux-x64-musl@1.33.0:
    resolution: {integrity: sha512-RYiYbkokw0trfKqqzfF55lginwEPrD3OJDfTuJzFs1MK6iFnDenaz1fqLLtX4ITG3OktJQXOeTaw1awrBAlZPw==}
    engines: {node: '>= 12.0.0'}
    cpu: [x64]
    os: [linux]
    libc: [musl]

  lightningcss-win32-arm64-msvc@1.33.0:
    resolution: {integrity: sha512-1K+MPfLSFVpphzpdbfkhlWk6wBrTObBzS2T6db10PNOZgR9GoVsAWzwNyuhUYYbTp23j+4RrncfujZ4uAzXvwA==}
    engines: {node: '>= 12.0.0'}
    cpu: [arm64]
    os: [win32]

  lightningcss-win32-x64-msvc@1.33.0:
    resolution: {integrity: sha512-OlEICDx/Xl0FqSp4bry8zFnCvGpig3Gl4gCquvYwHuqJKEC1+n9NgDniFvqHGmMv1ZkqDJrDqKKSykTDX+ehuA==}
    engines: {node: '>= 12.0.0'}
    cpu: [x64]
    os: [win32]

  lightningcss@1.33.0:
    resolution: {integrity: sha512-WkUDrojuJs0xkgGf2udWxa3yGBRxPtxUkB79i6aCZLRgc7PM8fZe9TosfPDcvEpQZbuFASnHYmRLBLUbmLOIIA==}
    engines: {node: '>= 12.0.0'}

  lucide-static@0.468.0:
    resolution: {integrity: sha512-JvpWui2umxRyEVMoETfMzb+qKqibV/sdoqJbKmW1JLdkuhXluJKoO6NqCbvCK/vAbUuH5bTEFD4T6uECsrNcnA==}

  lucide-vue-next@0.468.0:
    resolution: {integrity: sha512-quV/6T8YB1XK0VOEnebg3Byd8Rsan5/m95cvjnuHV4vcS3qEnLAybkrSh0hk3ppavx+V7R1PjNW+mGDvcBdz4A==}
    deprecated: Package deprecated. Please use @lucide/vue instead.
    peerDependencies:
      vue: '>=3.0.1'

  magic-string@0.30.11:
    resolution: {integrity: sha512-+Wri9p0QHMy+545hKww7YAu5NyzF8iomPL/RQazugQ9+Ez4Ic3mERMd8ZTX5rfK944j+560ZJi8iAwgak1Ac7A==}

  mitt@3.0.1:
    resolution: {integrity: sha512-vKivATfr97l2/QBCYAkXYDbrIWPM2IIKEl7YPhjCvKlG3kE2gm+uBo6nEXK3M5/Ffh/FLpKExzOQ3JJoJGFKBw==}

  muggle-string@0.4.1:
    resolution: {integrity: sha512-VNTrAak/KhO2i8dqqnqnAHOa3cYBwXEZe9h+D5h/1ZqFSTEFHdM65lR7RoIqq3tBBYavsOXV84NoHXZ0AkPyqQ==}

  nanoid@3.3.17:
    resolution: {integrity: sha512-xQLf0A3HOMlgHq0n247/LRuAOYmB7dXJ/DvAxGvsSBij45XtBSmQycu+F8ODbHwns/XyFZagyL1+J0Offw1E0g==}
    engines: {node: ^10 || ^12 || ^13.7 || ^14 || >=15.0.1}
    hasBin: true

  path-browserify@1.0.1:
    resolution: {integrity: sha512-b7uo2UCUOYZcnF/3ID0lulOJi/bafxa1xPe7ZPsammBSpjSWQkjNxlt635YGS2MiR9GjvuXCtz2emr3jbsz98g==}

  perfect-debounce@1.0.0:
    resolution: {integrity: sha512-xCy9V055GLEqoFaHoC1SoLIaLmWctgCUaBaWxDZ7/Zx4CTyX7cJQLJOok/orfjZAh9kEYpjJa4d0KcJmCbctZA==}

  pg-cloudflare@1.4.0:
    resolution: {integrity: sha512-Vo7z/6rrQYxpNRylp4Tlob2elzbh+N/MOQbxFVWCxS7oEx6jF53GTJFxK2WWpKuBRkmiin4Mt+xofFDjx09R0A==}

  pg-connection-string@2.14.0:
    resolution: {integrity: sha512-XwWDGcLRGCXAR8F/AM5bG7Q+A3Wm2s6QeEjlOKZLlH3UYcguiqCWKyWXVag5TLTIjR7oOJUY8kcADaZgWPyLeg==}

  pg-int8@1.0.1:
    resolution: {integrity: sha512-WCtabS6t3c8SkpDBUlb1kjOs7l66xsGdKpIPZsg4wR+B3+u9UAum2odSsF9tnvxg80h4ZxLWMy4pRjOsFIqQpw==}
    engines: {node: '>=4.0.0'}

  pg-pool@3.14.0:
    resolution: {integrity: sha512-gKtPkFdQPU3DksooVLi9LsjZxrsBUZIpa+7aVx+LV5pNh0KzP4Zleud2po+ConrxbuXGBJ6Hfer6hdgpIBpBaw==}
    peerDependencies:
      pg: '>=8.0'

  pg-protocol@1.15.0:
    resolution: {integrity: sha512-cq9sECI5s0+uPUXjbz8ioyPJni6RzsRib0US67i5IoTZKw8fNeYlVE7u8F4dG7vEJJtc5wdD1K189lCCUwqWTQ==}

  pg-types@2.2.0:
    resolution: {integrity: sha512-qTAAlrEsl8s4OiEQY69wDvcMIdQN6wdz5ojQiOy6YRMuynxenON0O5oCpJI6lshc6scgAY8qvJ2On/p+CXY0GA==}
    engines: {node: '>=4'}

  pg@8.22.0:
    resolution: {integrity: sha512-8wih1vVIBMxoUM2oB4soJsD9tDnDpLv4OXBJ+EJzFsvycD+lfyIreC2gGHq78f8jbLLt+bvlPTFdFZfJkOuzAA==}
    engines: {node: '>= 16.0.0'}
    peerDependencies:
      pg-native: '>=3.0.1'
    peerDependenciesMeta:
      pg-native:
        optional: true

  pgpass@1.0.5:
    resolution: {integrity: sha512-FdW9r/jQZhSeohs1Z3sI1yxFQNFvMcnmfuj4WBMUTxOrAyLMaTcE1aAMBiTlbMNaXvBCQuVi0R7hd8udDSP7ug==}

  picocolors@1.1.1:
    resolution: {integrity: sha512-xceH2snhtb5M9liqDsmEw56le376mTZkEX/jEb/RxNFyegNul7eNslCXP9FDj/Lcu0X8KEyMceP2ntpaHrDEVA==}

  picomatch@4.0.5:
    resolution: {integrity: sha512-RvwwcruNjI1ncT5xRakeyS9Lf8lcItv34KD+aif+VH9kduAyfYBipGh12274xtenIPZ119/R9BdTBa8gAwSh0A==}
    engines: {node: '>=12'}

  pinia@3.0.0:
    resolution: {integrity: sha512-Go23UsqaeABb4OYNmpDkE9VwDnqmbbjGzWpQhi3xfNkSPO6ZP+Ttt0EMo2J4DHXW+T0l3EqRneeXdyV/oJg/Mg==}
    peerDependencies:
      typescript: '>=4.4.4'
      vue: ^2.7.0 || ^3.5.11
    peerDependenciesMeta:
      typescript:
        optional: true

  postcss@8.5.25:
    resolution: {integrity: sha512-DTPx3RWSSnWyzLxQnlH0rJP+EW5ekl16ZU4/psbIhA0e53kJfdgaN5vKM+xP7yJtXVu+nfdVFmlgFDEKAe4Pyw==}
    engines: {node: ^10 || ^12 || >=14}

  postgres-array@2.0.0:
    resolution: {integrity: sha512-VpZrUqU5A69eQyW2c5CA1jtLecCsN2U/bD6VilrFDWq5+5UIEVO7nazS3TEcHf1zuPYO/sqGvUvW62g86RXZuA==}
    engines: {node: '>=4'}

  postgres-bytea@1.0.1:
    resolution: {integrity: sha512-5+5HqXnsZPE65IJZSMkZtURARZelel2oXUEO8rH83VS/hxH5vv1uHquPg5wZs8yMAfdv971IU+kcPUczi7NVBQ==}
    engines: {node: '>=0.10.0'}

  postgres-date@1.0.7:
    resolution: {integrity: sha512-suDmjLVQg78nMK2UZ454hAG+OAW+HQPZ6n++TNDUX+L0+uUlLywnoxJKDou51Zm+zTCjrCl0Nq6J9C5hP9vK/Q==}
    engines: {node: '>=0.10.0'}

  postgres-interval@1.2.0:
    resolution: {integrity: sha512-9ZhXKM/rw350N1ovuWHbGxnGh/SNJ4cnxHiM0rxE4VN41wsg8P8zWn9hv/buK00RP4WvlOyr/RBDiptyxVbkZQ==}
    engines: {node: '>=0.10.0'}

  redis@5.8.2:
    resolution: {integrity: sha512-31vunZj07++Y1vcFGcnNWEf5jPoTkGARgfWI4+Tk55vdwHxhAvug8VEtW7Cx+/h47NuJTEg/JL77zAwC6E0OeA==}
    engines: {node: '>= 18'}

  rfdc@1.4.1:
    resolution: {integrity: sha512-q1b3N5QkRUWUl7iyylaaj3kOpIT0N2i9MqIEQXP73GVsN9cw3fdx8X63cEmWhJGi2PPCF23Ijp7ktmd39rawIA==}

  rolldown@1.2.2:
    resolution: {integrity: sha512-opwpo1tQBAcpSUJDt94B7hhLNGOKjCdE//XXjeLrnx9b83bjnw45tXdg1b09yEw/VLFBJGZpwRULMmOZo7ol+A==}
    engines: {node: ^20.19.0 || >=22.12.0}
    hasBin: true

  source-map-js@1.2.1:
    resolution: {integrity: sha512-UXWMKhLOwVKb728IUtQPXxfYU+usdybtUrK/8uGE8CQMvrhOpwvzDBwj0QhSL7MQc7vIsISBG8VQ8+IDQxpfQA==}
    engines: {node: '>=0.10.0'}

  speakingurl@14.0.1:
    resolution: {integrity: sha512-1POYv7uv2gXoyGFpBCmpDVSNV74IfsWlDW216UPjbWufNf+bSU6GdbDsxdcxtfwb4xlI3yxzOTKClUosxARYrQ==}
    engines: {node: '>=0.10.0'}

  split2@4.2.0:
    resolution: {integrity: sha512-UcjcJOWknrNkF6PLX83qcHM6KHgVKNkV62Y8a5uYDVv9ydGQVwAHMKqHdJje1VTWpljG0WYpCDhrCdAOYH4TWg==}
    engines: {node: '>= 10.x'}

  superjson@2.2.6:
    resolution: {integrity: sha512-H+ue8Zo4vJmV2nRjpx86P35lzwDT3nItnIsocgumgr0hHMQ+ZGq5vrERg9kJBo5AWGmxZDhzDo+WVIJqkB0cGA==}
    engines: {node: '>=16'}

  tinyglobby@0.2.17:
    resolution: {integrity: sha512-wXR/dYpcqKmfWpEdZjiKJOwCNFndD0DMnrW/cYjVGttEkBfVgcLFHoNrlj47mjOVic9yyNu65alsgF4NQyTa2g==}
    engines: {node: '>=12.0.0'}

  typescript@5.8.3:
    resolution: {integrity: sha512-p1diW6TqL9L07nNxvRMM7hMMw4c5XOo/1ibL4aAIGmSAt9slTE1Xgw5KWuof2uTOvCg9BY7ZRi+GaF+7sfgPeQ==}
    engines: {node: '>=14.17'}
    hasBin: true

  undici-types@6.21.0:
    resolution: {integrity: sha512-iwDZqg0QAGrg9Rav5H4n0M64c3mkR59cJ6wQp+7C4nI0gsmExaedaYLNO44eT4AtBBwjbTiGPMlt2Md0T9H9JQ==}

  vite@8.2.0:
    resolution: {integrity: sha512-pn+CFpM0lwDeKwmOq1ZaBK/9sjorZcgqxki6MbY/jPEVd9vichIlmlD4HmQ5wdP5EgqQCFRaACBxMC7uEGc6lQ==}
    engines: {node: ^20.19.0 || >=22.12.0}
    hasBin: true
    peerDependencies:
      '@types/node': ^20.19.0 || >=22.12.0
      '@vitejs/devtools': ^0.4.0
      esbuild: ^0.27.0 || ^0.28.0
      jiti: '>=1.21.0'
      less: ^4.0.0
      sass: ^1.70.0
      sass-embedded: ^1.70.0
      stylus: '>=0.54.8'
      sugarss: ^5.0.0
      terser: ^5.16.0
      tsx: ^4.8.1
      yaml: ^2.4.2
    peerDependenciesMeta:
      '@types/node':
        optional: true
      '@vitejs/devtools':
        optional: true
      esbuild:
        optional: true
      jiti:
        optional: true
      less:
        optional: true
      sass:
        optional: true
      sass-embedded:
        optional: true
      stylus:
        optional: true
      sugarss:
        optional: true
      terser:
        optional: true
      tsx:
        optional: true
      yaml:
        optional: true

  vscode-uri@3.1.0:
    resolution: {integrity: sha512-/BpdSx+yCQGnCvecbyXdxHDkuk55/G3xwnC0GqY4gmQ3j+A+g8kzzgB4Nk/SINjqn6+waqw3EgbVF2QKExkRxQ==}

  vue-router@4.5.0:
    resolution: {integrity: sha512-HDuk+PuH5monfNuY+ct49mNmkCRK4xJAV9Ts4z9UFc4rzdDnxQLyCMGGc8pKhZhHTVzfanpNwB/lwqevcBwI4w==}
    peerDependencies:
      vue: ^3.2.0

  vue-tsc@3.3.9:
    resolution: {integrity: sha512-TS3Y1ux/IRoE8OCP2PpACAeOseuIs0UvWrcr7u+w3PmfY+SlCfEf8zjrBgnQksHUgLpthi5vHlffcQTQTdPBZA==}
    hasBin: true
    peerDependencies:
      typescript: '>=5.0.0'

  vue@3.5.0:
    resolution: {integrity: sha512-1t70favYoFijwfWJ7g81aTd32obGaAnKYE9FNyMgnEzn3F4YncRi/kqAHHKloG0VXTD8vBYMhbgLKCA+Sk6QDw==}
    peerDependencies:
      typescript: '*'
    peerDependenciesMeta:
      typescript:
        optional: true

  xtend@4.0.2:
    resolution: {integrity: sha512-LKYU1iAXJXUgAXn9URjiu+MWhyUXHsvfp7mcuYm9dSUKK0/CjtrUwFAxD82/mCWbtLsGjFIad0wIsod4zrTAEQ==}
    engines: {node: '>=0.4'}

snapshots:

  '@babel/helper-string-parser@7.29.7': {}

  '@babel/helper-validator-identifier@7.29.7': {}

  '@babel/parser@7.29.8':
    dependencies:
      '@babel/types': 7.29.8

  '@babel/types@7.29.8':
    dependencies:
      '@babel/helper-string-parser': 7.29.7
      '@babel/helper-validator-identifier': 7.29.7

  '@jridgewell/sourcemap-codec@1.5.0': {}

  '@kurkle/color@0.3.4': {}

  '@oxc-project/types@0.142.0': {}

  '@redis/bloom@5.8.2(@redis/client@5.8.2)':
    dependencies:
      '@redis/client': 5.8.2

  '@redis/client@5.8.2':
    dependencies:
      cluster-key-slot: 1.1.2

  '@redis/json@5.8.2(@redis/client@5.8.2)':
    dependencies:
      '@redis/client': 5.8.2

  '@redis/search@5.8.2(@redis/client@5.8.2)':
    dependencies:
      '@redis/client': 5.8.2

  '@redis/time-series@5.8.2(@redis/client@5.8.2)':
    dependencies:
      '@redis/client': 5.8.2

  '@rolldown/binding-android-arm64@1.2.2':
    optional: true

  '@rolldown/binding-darwin-arm64@1.2.2':
    optional: true

  '@rolldown/binding-darwin-x64@1.2.2':
    optional: true

  '@rolldown/binding-freebsd-x64@1.2.2':
    optional: true

  '@rolldown/binding-linux-arm-gnueabihf@1.2.2':
    optional: true

  '@rolldown/binding-linux-arm64-gnu@1.2.2':
    optional: true

  '@rolldown/binding-linux-arm64-musl@1.2.2':
    optional: true

  '@rolldown/binding-linux-ppc64-gnu@1.2.2':
    optional: true

  '@rolldown/binding-linux-s390x-gnu@1.2.2':
    optional: true

  '@rolldown/binding-linux-x64-gnu@1.2.2':
    optional: true

  '@rolldown/binding-linux-x64-musl@1.2.2':
    optional: true

  '@rolldown/binding-openharmony-arm64@1.2.2':
    optional: true

  '@rolldown/binding-win32-arm64-msvc@1.2.2':
    optional: true

  '@rolldown/binding-win32-x64-msvc@1.2.2':
    optional: true

  '@rolldown/pluginutils@1.0.1': {}

  '@tanstack/virtual-core@3.13.0': {}

  '@tanstack/vue-virtual@3.13.0(vue@3.5.0(typescript@5.8.3))':
    dependencies:
      '@tanstack/virtual-core': 3.13.0
      vue: 3.5.0(typescript@5.8.3)

  '@types/node@22.20.1':
    dependencies:
      undici-types: 6.21.0

  '@vitejs/plugin-vue@6.0.8(vite@8.2.0(@types/node@22.20.1))(vue@3.5.0(typescript@5.8.3))':
    dependencies:
      '@rolldown/pluginutils': 1.0.1
      vite: 8.2.0(@types/node@22.20.1)
      vue: 3.5.0(typescript@5.8.3)

  '@volar/language-core@2.4.28':
    dependencies:
      '@volar/source-map': 2.4.28

  '@volar/source-map@2.4.28': {}

  '@volar/typescript@2.4.28(typescript@5.8.3)':
    dependencies:
      '@volar/language-core': 2.4.28
      path-browserify: 1.0.1
      vscode-uri: 3.1.0
    optionalDependencies:
      typescript: 5.8.3

  '@vue/compiler-core@3.5.0':
    dependencies:
      '@babel/parser': 7.29.8
      '@vue/shared': 3.5.0
      entities: 4.5.0
      estree-walker: 2.0.2
      source-map-js: 1.2.1

  '@vue/compiler-core@3.5.40':
    dependencies:
      '@babel/parser': 7.29.8
      '@vue/shared': 3.5.40
      entities: 7.0.1
      estree-walker: 2.0.2
      source-map-js: 1.2.1

  '@vue/compiler-dom@3.5.0':
    dependencies:
      '@vue/compiler-core': 3.5.0
      '@vue/shared': 3.5.0

  '@vue/compiler-dom@3.5.40':
    dependencies:
      '@vue/compiler-core': 3.5.40
      '@vue/shared': 3.5.40

  '@vue/compiler-sfc@3.5.0':
    dependencies:
      '@babel/parser': 7.29.8
      '@vue/compiler-core': 3.5.0
      '@vue/compiler-dom': 3.5.0
      '@vue/compiler-ssr': 3.5.0
      '@vue/shared': 3.5.0
      estree-walker: 2.0.2
      magic-string: 0.30.11
      postcss: 8.5.25
      source-map-js: 1.2.1

  '@vue/compiler-ssr@3.5.0':
    dependencies:
      '@vue/compiler-dom': 3.5.0
      '@vue/shared': 3.5.0

  '@vue/devtools-api@6.6.4': {}

  '@vue/devtools-api@7.7.10':
    dependencies:
      '@vue/devtools-kit': 7.7.10

  '@vue/devtools-kit@7.7.10':
    dependencies:
      '@vue/devtools-shared': 7.7.10
      birpc: 2.3.0
      hookable: 5.5.3
      mitt: 3.0.1
      perfect-debounce: 1.0.0
      speakingurl: 14.0.1
      superjson: 2.2.6

  '@vue/devtools-shared@7.7.10':
    dependencies:
      rfdc: 1.4.1

  '@vue/language-core@3.3.9':
    dependencies:
      '@volar/language-core': 2.4.28
      '@vue/compiler-dom': 3.5.40
      '@vue/shared': 3.5.40
      alien-signals: 3.2.1
      muggle-string: 0.4.1
      path-browserify: 1.0.1
      picomatch: 4.0.5

  '@vue/reactivity@3.5.0':
    dependencies:
      '@vue/shared': 3.5.0

  '@vue/runtime-core@3.5.0':
    dependencies:
      '@vue/reactivity': 3.5.0
      '@vue/shared': 3.5.0

  '@vue/runtime-dom@3.5.0':
    dependencies:
      '@vue/reactivity': 3.5.0
      '@vue/runtime-core': 3.5.0
      '@vue/shared': 3.5.0
      csstype: 3.2.3

  '@vue/server-renderer@3.5.0(vue@3.5.0(typescript@5.8.3))':
    dependencies:
      '@vue/compiler-ssr': 3.5.0
      '@vue/shared': 3.5.0
      vue: 3.5.0(typescript@5.8.3)

  '@vue/shared@3.5.0': {}

  '@vue/shared@3.5.40': {}

  alien-signals@3.2.1: {}

  birpc@2.3.0: {}

  chart.js@4.5.0:
    dependencies:
      '@kurkle/color': 0.3.4

  cluster-key-slot@1.1.2: {}

  copy-anything@4.0.5:
    dependencies:
      is-what: 5.5.0

  csstype@3.2.3: {}

  decimal.js@10.6.0: {}

  detect-libc@2.1.2: {}

  entities@4.5.0: {}

  entities@7.0.1: {}

  estree-walker@2.0.2: {}

  fdir@6.5.0(picomatch@4.0.5):
    optionalDependencies:
      picomatch: 4.0.5

  fsevents@2.3.3:
    optional: true

  hookable@5.5.3: {}

  is-what@5.5.0: {}

  lightningcss-android-arm64@1.33.0:
    optional: true

  lightningcss-darwin-arm64@1.33.0:
    optional: true

  lightningcss-darwin-x64@1.33.0:
    optional: true

  lightningcss-freebsd-x64@1.33.0:
    optional: true

  lightningcss-linux-arm-gnueabihf@1.33.0:
    optional: true

  lightningcss-linux-arm64-gnu@1.33.0:
    optional: true

  lightningcss-linux-arm64-musl@1.33.0:
    optional: true

  lightningcss-linux-x64-gnu@1.33.0:
    optional: true

  lightningcss-linux-x64-musl@1.33.0:
    optional: true

  lightningcss-win32-arm64-msvc@1.33.0:
    optional: true

  lightningcss-win32-x64-msvc@1.33.0:
    optional: true

  lightningcss@1.33.0:
    dependencies:
      detect-libc: 2.1.2
    optionalDependencies:
      lightningcss-android-arm64: 1.33.0
      lightningcss-darwin-arm64: 1.33.0
      lightningcss-darwin-x64: 1.33.0
      lightningcss-freebsd-x64: 1.33.0
      lightningcss-linux-arm-gnueabihf: 1.33.0
      lightningcss-linux-arm64-gnu: 1.33.0
      lightningcss-linux-arm64-musl: 1.33.0
      lightningcss-linux-x64-gnu: 1.33.0
      lightningcss-linux-x64-musl: 1.33.0
      lightningcss-win32-arm64-msvc: 1.33.0
      lightningcss-win32-x64-msvc: 1.33.0

  lucide-static@0.468.0: {}

  lucide-vue-next@0.468.0(vue@3.5.0(typescript@5.8.3)):
    dependencies:
      vue: 3.5.0(typescript@5.8.3)

  magic-string@0.30.11:
    dependencies:
      '@jridgewell/sourcemap-codec': 1.5.0

  mitt@3.0.1: {}

  muggle-string@0.4.1: {}

  nanoid@3.3.17: {}

  path-browserify@1.0.1: {}

  perfect-debounce@1.0.0: {}

  pg-cloudflare@1.4.0:
    optional: true

  pg-connection-string@2.14.0: {}

  pg-int8@1.0.1: {}

  pg-pool@3.14.0(pg@8.22.0):
    dependencies:
      pg: 8.22.0

  pg-protocol@1.15.0: {}

  pg-types@2.2.0:
    dependencies:
      pg-int8: 1.0.1
      postgres-array: 2.0.0
      postgres-bytea: 1.0.1
      postgres-date: 1.0.7
      postgres-interval: 1.2.0

  pg@8.22.0:
    dependencies:
      pg-connection-string: 2.14.0
      pg-pool: 3.14.0(pg@8.22.0)
      pg-protocol: 1.15.0
      pg-types: 2.2.0
      pgpass: 1.0.5
    optionalDependencies:
      pg-cloudflare: 1.4.0

  pgpass@1.0.5:
    dependencies:
      split2: 4.2.0

  picocolors@1.1.1: {}

  picomatch@4.0.5: {}

  pinia@3.0.0(typescript@5.8.3)(vue@3.5.0(typescript@5.8.3)):
    dependencies:
      '@vue/devtools-api': 7.7.10
      vue: 3.5.0(typescript@5.8.3)
    optionalDependencies:
      typescript: 5.8.3

  postcss@8.5.25:
    dependencies:
      nanoid: 3.3.17
      picocolors: 1.1.1
      source-map-js: 1.2.1

  postgres-array@2.0.0: {}

  postgres-bytea@1.0.1: {}

  postgres-date@1.0.7: {}

  postgres-interval@1.2.0:
    dependencies:
      xtend: 4.0.2

  redis@5.8.2:
    dependencies:
      '@redis/bloom': 5.8.2(@redis/client@5.8.2)
      '@redis/client': 5.8.2
      '@redis/json': 5.8.2(@redis/client@5.8.2)
      '@redis/search': 5.8.2(@redis/client@5.8.2)
      '@redis/time-series': 5.8.2(@redis/client@5.8.2)

  rfdc@1.4.1: {}

  rolldown@1.2.2:
    dependencies:
      '@oxc-project/types': 0.142.0
      '@rolldown/pluginutils': 1.0.1
    optionalDependencies:
      '@rolldown/binding-android-arm64': 1.2.2
      '@rolldown/binding-darwin-arm64': 1.2.2
      '@rolldown/binding-darwin-x64': 1.2.2
      '@rolldown/binding-freebsd-x64': 1.2.2
      '@rolldown/binding-linux-arm-gnueabihf': 1.2.2
      '@rolldown/binding-linux-arm64-gnu': 1.2.2
      '@rolldown/binding-linux-arm64-musl': 1.2.2
      '@rolldown/binding-linux-ppc64-gnu': 1.2.2
      '@rolldown/binding-linux-s390x-gnu': 1.2.2
      '@rolldown/binding-linux-x64-gnu': 1.2.2
      '@rolldown/binding-linux-x64-musl': 1.2.2
      '@rolldown/binding-openharmony-arm64': 1.2.2
      '@rolldown/binding-win32-arm64-msvc': 1.2.2
      '@rolldown/binding-win32-x64-msvc': 1.2.2

  source-map-js@1.2.1: {}

  speakingurl@14.0.1: {}

  split2@4.2.0: {}

  superjson@2.2.6:
    dependencies:
      copy-anything: 4.0.5

  tinyglobby@0.2.17:
    dependencies:
      fdir: 6.5.0(picomatch@4.0.5)
      picomatch: 4.0.5

  typescript@5.8.3: {}

  undici-types@6.21.0: {}

  vite@8.2.0(@types/node@22.20.1):
    dependencies:
      lightningcss: 1.33.0
      picomatch: 4.0.5
      postcss: 8.5.25
      rolldown: 1.2.2
      tinyglobby: 0.2.17
    optionalDependencies:
      '@types/node': 22.20.1
      fsevents: 2.3.3

  vscode-uri@3.1.0: {}

  vue-router@4.5.0(vue@3.5.0(typescript@5.8.3)):
    dependencies:
      '@vue/devtools-api': 6.6.4
      vue: 3.5.0(typescript@5.8.3)

  vue-tsc@3.3.9(typescript@5.8.3):
    dependencies:
      '@volar/typescript': 2.4.28(typescript@5.8.3)
      '@vue/language-core': 3.3.9
      typescript: 5.8.3

  vue@3.5.0(typescript@5.8.3):
    dependencies:
      '@vue/compiler-dom': 3.5.0
      '@vue/compiler-sfc': 3.5.0
      '@vue/runtime-dom': 3.5.0
      '@vue/server-renderer': 3.5.0(vue@3.5.0(typescript@5.8.3))
      '@vue/shared': 3.5.0
    optionalDependencies:
      typescript: 5.8.3

  xtend@4.0.2: {}
